
Microsoft Visual Studio Solution File, Format Version 12.00
# Visual Studio Version 17
VisualStudioVersion = 17.11.35303.130
MinimumVisualStudioVersion = 10.0.40219.1
Project("{FAE04EC0-301F-11D3-BF4B-00C04F79EFBC}") = "QL_Bida", "QL_Bida\QL_Bida.csproj", "{4DFC1B2A-1C1E-4611-A049-D38D4A776B88}"
EndProject
Global
	GlobalSection(SolutionConfigurationPlatforms) = preSolution
		Debug|Any CPU = Debug|Any CPU
		Release|Any CPU = Release|Any CPU
	EndGlobalSection
	GlobalSection(ProjectConfigurationPlatforms) = postSolution
		{4DFC1B2A-1C1E-4611-A049-D38D4A776B88}.Debug|Any CPU.ActiveCfg = Debug|Any CPU
		{4DFC1B2A-1C1E-4611-A049-D38D4A776B88}.Debug|Any CPU.Build.0 = Debug|Any CPU
		{4DFC1B2A-1C1E-4611-A049-D38D4A776B88}.Release|Any CPU.ActiveCfg = Release|Any CPU
		{4DFC1B2A-1C1E-4611-A049-D38D4A776B88}.Release|Any CPU.Build.0 = Release|Any CPU
	EndGlobalSection
	GlobalSection(SolutionProperties) = preSolution
		HideSolutionNode = FALSE
	EndGlobalSection
	GlobalSection(ExtensibilityGlobals) = postSolution
		SolutionGuid = {8E95D9A1-DAE4-4DFB-BB9D-09FA809A733A}
	EndGlobalSection
EndGlobal
